
Microsoft Visual Studio Solution File, Format Version 12.00
# Visual Studio 14
VisualStudioVersion = 14.0.25420.1
MinimumVisualStudioVersion = 10.0.40219.1
Project("{FAE04EC0-301F-11D3-BF4B-00C04F79EFBC}") = "InteraktivnaMapaEvenata.DAL", "InteraktivnaMapaEvenata.DAL\InteraktivnaMapaEvenata.DAL.csproj", "{69869781-7546-4B3D-8C97-6BF1B1788C0F}"
EndProject
Project("{FAE04EC0-301F-11D3-BF4B-00C04F79EFBC}") = "InteraktivnaMapaEvenata.Models", "InteraktivnaMapaEvenata.Models\InteraktivnaMapaEvenata.Models.csproj", "{36B62EC1-9A33-4FF8-A2C0-A56AF0AC8BED}"
EndProject
Project("{FAE04EC0-301F-11D3-BF4B-00C04F79EFBC}") = "InteraktivnaMapaEvenata.BLL", "InteraktivnaMapaEvenata.BLL\InteraktivnaMapaEvenata.BLL.csproj", "{87096024-BA80-42B2-A7E3-C1DC96AFBA42}"
EndProject
Project("{FAE04EC0-301F-11D3-BF4B-00C04F79EFBC}") = "InteraktivnaMapaEvenata.WebAPI", "InteraktivnaMapaEvenata.WebAPI\InteraktivnaMapaEvenata.WebAPI.csproj", "{6FE8D9F6-5DAE-4FF6-BB4E-0533A80629FD}"
EndProject
Project("{FAE04EC0-301F-11D3-BF4B-00C04F79EFBC}") = "InteraktivnaMapaEvenata.Common", "InteraktivnaMapaEvenata.Common\InteraktivnaMapaEvenata.Common.csproj", "{52D678DE-EBDB-49C7-90E8-3BE7DF13BB9E}"
EndProject
Global
	GlobalSection(SolutionConfigurationPlatforms) = preSolution
		Debug|Any CPU = Debug|Any CPU
		Release|Any CPU = Release|Any CPU
	EndGlobalSection
	GlobalSection(ProjectConfigurationPlatforms) = postSolution
		{69869781-7546-4B3D-8C97-6BF1B1788C0F}.Debug|Any CPU.ActiveCfg = Debug|Any CPU
		{69869781-7546-4B3D-8C97-6BF1B1788C0F}.Debug|Any CPU.Build.0 = Debug|Any CPU
		{69869781-7546-4B3D-8C97-6BF1B1788C0F}.Release|Any CPU.ActiveCfg = Release|Any CPU
		{69869781-7546-4B3D-8C97-6BF1B1788C0F}.Release|Any CPU.Build.0 = Release|Any CPU
		{36B62EC1-9A33-4FF8-A2C0-A56AF0AC8BED}.Debug|Any CPU.ActiveCfg = Debug|Any CPU
		{36B62EC1-9A33-4FF8-A2C0-A56AF0AC8BED}.Debug|Any CPU.Build.0 = Debug|Any CPU
		{36B62EC1-9A33-4FF8-A2C0-A56AF0AC8BED}.Release|Any CPU.ActiveCfg = Release|Any CPU
		{36B62EC1-9A33-4FF8-A2C0-A56AF0AC8BED}.Release|Any CPU.Build.0 = Release|Any CPU
		{87096024-BA80-42B2-A7E3-C1DC96AFBA42}.Debug|Any CPU.ActiveCfg = Debug|Any CPU
		{87096024-BA80-42B2-A7E3-C1DC96AFBA42}.Debug|Any CPU.Build.0 = Debug|Any CPU
		{87096024-BA80-42B2-A7E3-C1DC96AFBA42}.Release|Any CPU.ActiveCfg = Release|Any CPU
		{87096024-BA80-42B2-A7E3-C1DC96AFBA42}.Release|Any CPU.Build.0 = Release|Any CPU
		{6FE8D9F6-5DAE-4FF6-BB4E-0533A80629FD}.Debug|Any CPU.ActiveCfg = Debug|Any CPU
		{6FE8D9F6-5DAE-4FF6-BB4E-0533A80629FD}.Debug|Any CPU.Build.0 = Debug|Any CPU
		{6FE8D9F6-5DAE-4FF6-BB4E-0533A80629FD}.Release|Any CPU.ActiveCfg = Release|Any CPU
		{6FE8D9F6-5DAE-4FF6-BB4E-0533A80629FD}.Release|Any CPU.Build.0 = Release|Any CPU
		{52D678DE-EBDB-49C7-90E8-3BE7DF13BB9E}.Debug|Any CPU.ActiveCfg = Debug|Any CPU
		{52D678DE-EBDB-49C7-90E8-3BE7DF13BB9E}.Debug|Any CPU.Build.0 = Debug|Any CPU
		{52D678DE-EBDB-49C7-90E8-3BE7DF13BB9E}.Release|Any CPU.ActiveCfg = Release|Any CPU
		{52D678DE-EBDB-49C7-90E8-3BE7DF13BB9E}.Release|Any CPU.Build.0 = Release|Any CPU
	EndGlobalSection
	GlobalSection(SolutionProperties) = preSolution
		HideSolutionNode = FALSE
	EndGlobalSection
EndGlobal
